{
  "version": 4,
  "terraform_version": "1.14.3",
  "serial": 25,
  "lineage": "178a4b27-630d-9ba9-6d59-dd1c8f14d841",
  "outputs": {
    "bigquery_dataset_id": {
      "value": "nyc_taxi_analytics",
      "type": "string"
    },
    "bigquery_dataset_location": {
      "value": "europe-central2",
      "type": "string"
    },
    "bronze_bucket_name": {
      "value": "nyc-taxi-pipeline-1-nyc-taxi-bronze",
      "type": "string"
    },
    "bronze_bucket_url": {
      "value": "gs://nyc-taxi-pipeline-1-nyc-taxi-bronze",
      "type": "string"
    },
    "dataproc_service_account_email": {
      "value": "nyc-taxi-dataproc-sa@nyc-taxi-pipeline-1.iam.gserviceaccount.com",
      "type": "string"
    },
    "gold_bucket_name": {
      "value": "nyc-taxi-pipeline-1-nyc-taxi-gold",
      "type": "string"
    },
    "gold_bucket_url": {
      "value": "gs://nyc-taxi-pipeline-1-nyc-taxi-gold",
      "type": "string"
    },
    "logs_bucket_name": {
      "value": "nyc-taxi-pipeline-1-pipeline-logs",
      "type": "string"
    },
    "service_account_email": {
      "value": "nyc-taxi-pipeline-sa@nyc-taxi-pipeline-1.iam.gserviceaccount.com",
      "type": "string"
    },
    "service_account_key": {
      "value": "ewogICJ0eXBlIjogInNlcnZpY2VfYWNjb3VudCIsCiAgInByb2plY3RfaWQiOiAibnljLXRheGktcGlwZWxpbmUtMSIsCiAgInByaXZhdGVfa2V5X2lkIjogIjE5MWFhM2ViZGQ4OTMxMmVmNzIyZDkxYzIwZmY0ODAwYjQ3ZWIyN2MiLAogICJwcml2YXRlX2tleSI6ICItLS0tLUJFR0lOIFBSSVZBVEUgS0VZLS0tLS1cbk1JSUV2Z0lCQURBTkJna3Foa2lHOXcwQkFRRUZBQVNDQktnd2dnU2tBZ0VBQW9JQkFRREJXYml2SnR2clZSM2NcblJxTVlvWUVNRldHS29DNVZRb1dyNWtONVdEYUd5Z2pvWmhLK0ZaaTFHdExBVHRuT3RQOWUvN3RkYWNzL1ZGLzNcbmlFdFprQVROTWVGRFpuQ3JIVjFLQnkydkxONlltZW43TjF1alFhQTZQckpIUDJtV016ZjlHOUpBT2hLZEZRZmxcbk5pRWpSbXR0NG9ndEVKenFnSy9UL3lTQXZkUDFUU0hxQ1ROeVNDc2N5WkoySmpLQjUrano2aThjSncrK0pJYVhcbndNTFpNT1JGU1FhVk9Jc01vRlpwMFU5ZW1EUnE0M1B1elA3WWliTWY3U2UyaDAvZDFaWnlyV0RSanpjb0VJWUlcbldqVWlha2k3ZUNOUDBJcnJPUTV2YTJhTUIvM3YvYmlPMlppMUZ3Vzc4cGlpMDRmM3pvcHBtZWNhOHlhbzA2MGdcbi92WVIzUTBOQWdNQkFBRUNnZ0VBQWo2QkJFSVdpZ2xpTlZla2k2UDVsQ0wrRDRFdHlINDRnRXhGNVl5cE9yQ2NcblN6RHBjQnkwRHd0bXFDWVhlbXk0dDJqa2RkWEZMdEQ5NUNqeTBadjRVa3dOUDBrRnhHd0NLZHAzZWZHeXRtRmlcbjg5clZUTW5LNEV6YlU0bTFqTEZxS1owL0RYdkp2TnBYb3g0WkRiTVlOWEwyL2FtVVhnSEJzMXVNd3VuR2QxeGpcbjlPblBJdTBHK3NwbW8wcTZWRGh6MVEyZzN0Qml0T09vd0o0bFkzd2J2WlVBRHczZ1hyMkpDUkZYcVR4QzE2OVdcbjhpc2RtZ3ppN2NSUFVrcWZ3QlNXZDFkN3kvVERqQ3lld1ZhK21VK05wVDhJY1BibFNJUWV0Um83cThIcDB2NmJcbmhRNDM2Tys4NGNNVml2R0ZLMm9KaUR6aU5GREh0RVJxOGZkTGg4aFh3UUtCZ1FEN2trTVA5dUhabGhyaUp0UFVcbndjRGY2dkJESXRYbEcxUjlubGtKQWVKcCtGeHI4NUZNbUp3NTZrbWs4ZktjZUJXdUM2OERDcks1QXQxSkh0MUhcbll4elBRVTlEbTRVM2RwOXZVellZakN3bWN3QXo2ZjNvbFp0TnRvMTBJRXRpQ09Cdm9zOEpjd2tkOGFjRW9zVGpcbkJQMmxqdVc2VHdxY0FQZ3o3VitMeHRjZ1pRS0JnUURFd1JSczA0VVdsRnBMckd3U1JQQU1WNjkxWEVtekVjQUFcbld1ei9FYytHRWxjUzMyQVcrMWI2TVJsN1ZuWUFoVUNvNHFYTk1Vc1h1L0dwcWhTWG5IeXdWTldLcWt1dUtFeHRcbnhseHl1V3F2WFJzblEvRko2STB2MGVkVmw5b2tQRHBIZHdMVXBaRCsxLzR1bEFFaytIZTZJZWxzeVJ2cUcxMHlcblpjeXVsZ0RyaVFLQmdRQ1ZQTmtudVUrVjRxUWtFT0NOVUR0NUdraFpxMnEwTlJoVVJRR1FoRnVxZmJsbUdPSFRcblRKMHhCam1WN2luOGhJaG43V3B2SllPTW1aUm9jalRXeW9jbXRCbXZnNnp0a0NOWXlVWklIYTk3UjdHUkduaVRcbjUxeHdKNkdXaUNud0NGQU1LY3NrVWVmUXFiQm80WjVuQm1qcU0vRTRLdmVpUURqOXBRMlBQL0FTdVFLQmdHL3JcbjVWS0NnQko0RVdVNmo3OVV0N2hOcU9GNXZmSy9CaGt0bitMNG5yUUZlc0toam1lRVVkWEFXRjV3c0c5YlhZeTBcbllOeDRUZDhTYWtXNUdqMmtKc21uZUZHSXpjUWo2RllKb0UwaWJDMlZLUDBOQ1JTaDFLNS9HTGozeUg4VVE1S2pcbmdGaTJWZVNodVZXRm02RU1OZzhMZTEwR2lYcUNWbUYweHhvSStqMEJBb0dCQVBFVHQyUVRxbUlodWJIbFppN0lcbkdsMXYwSGNNenQ3d0dGL3FBbFBtaXdiUXE5WGJSdDJhK2tKOHgxSUJzMTU0SGQzd2lPa295NG01ZWVTWGlSTEVcbjhNbzdRYTNRVDJaNjcwWFlvOHpkbWo4OUJSNUplNjhWaWRFb0x2M3E2K1NsbFV3aDdxVGplQlJLK0g4U25SOTJcbk5rY3lZMzVIVVhEYlE4dExDN25XQ1daQ1xuLS0tLS1FTkQgUFJJVkFURSBLRVktLS0tLVxuIiwKICAiY2xpZW50X2VtYWlsIjogIm55Yy10YXhpLXBpcGVsaW5lLXNhQG55Yy10YXhpLXBpcGVsaW5lLTEuaWFtLmdzZXJ2aWNlYWNjb3VudC5jb20iLAogICJjbGllbnRfaWQiOiAiMTA0MTgwNTQwNDE3NzQ4Mzg2MzA0IiwKICAiYXV0aF91cmkiOiAiaHR0cHM6Ly9hY2NvdW50cy5nb29nbGUuY29tL28vb2F1dGgyL2F1dGgiLAogICJ0b2tlbl91cmkiOiAiaHR0cHM6Ly9vYXV0aDIuZ29vZ2xlYXBpcy5jb20vdG9rZW4iLAogICJhdXRoX3Byb3ZpZGVyX3g1MDlfY2VydF91cmwiOiAiaHR0cHM6Ly93d3cuZ29vZ2xlYXBpcy5jb20vb2F1dGgyL3YxL2NlcnRzIiwKICAiY2xpZW50X3g1MDlfY2VydF91cmwiOiAiaHR0cHM6Ly93d3cuZ29vZ2xlYXBpcy5jb20vcm9ib3QvdjEvbWV0YWRhdGEveDUwOS9ueWMtdGF4aS1waXBlbGluZS1zYSU0MG55Yy10YXhpLXBpcGVsaW5lLTEuaWFtLmdzZXJ2aWNlYWNjb3VudC5jb20iLAogICJ1bml2ZXJzZV9kb21haW4iOiAiZ29vZ2xlYXBpcy5jb20iCn0K",
      "type": "string",
      "sensitive": true
    },
    "silver_bucket_name": {
      "value": "nyc-taxi-pipeline-1-nyc-taxi-silver",
      "type": "string"
    },
    "silver_bucket_url": {
      "value": "gs://nyc-taxi-pipeline-1-nyc-taxi-silver",
      "type": "string"
    },
    "terraform_state_bucket_name": {
      "value": "nyc-taxi-pipeline-1-terraform-state",
      "type": "string"
    }
  },
  "resources": [
    {
      "mode": "managed",
      "type": "google_bigquery_dataset",
      "name": "nyc_taxi_analytics",
      "provider": "provider[\"registry.terraform.io/hashicorp/google\"]",
      "instances": [
        {
          "schema_version": 0,
          "attributes": {
            "access": [
              {
                "dataset": [],
                "domain": "",
                "group_by_email": "",
                "iam_member": "",
                "role": "OWNER",
                "routine": [],
                "special_group": "",
                "user_by_email": "guramabramishvili0@gmail.com",
                "view": []
              },
              {
                "dataset": [],
                "domain": "",
                "group_by_email": "",
                "iam_member": "",
                "role": "OWNER",
                "routine": [],
                "special_group": "projectOwners",
                "user_by_email": "",
                "view": []
              },
              {
                "dataset": [],
                "domain": "",
                "group_by_email": "",
                "iam_member": "",
                "role": "READER",
                "routine": [],
                "special_group": "projectReaders",
                "user_by_email": "",
                "view": []
              },
              {
                "dataset": [],
                "domain": "",
                "group_by_email": "",
                "iam_member": "",
                "role": "WRITER",
                "routine": [],
                "special_group": "projectWriters",
                "user_by_email": "",
                "view": []
              }
            ],
            "creation_time": 1767745997418,
            "dataset_id": "nyc_taxi_analytics",
            "default_collation": "",
            "default_encryption_configuration": [],
            "default_partition_expiration_ms": 0,
            "default_table_expiration_ms": 0,
            "delete_contents_on_destroy": false,
            "description": "Analytics-ready dataset for NYC Taxi trip data",
            "effective_labels": {
              "environment": "dev",
              "managed_by": "terraform",
              "project": "nyc-taxi-pipeline"
            },
            "etag": "9MctBKMCVdG1WeZshmLNtw==",
            "external_dataset_reference": [],
            "friendly_name": "NYC Taxi Analytics Dataset",
            "id": "projects/nyc-taxi-pipeline-1/datasets/nyc_taxi_analytics",
            "is_case_insensitive": false,
            "labels": {
              "environment": "dev",
              "managed_by": "terraform",
              "project": "nyc-taxi-pipeline"
            },
            "last_modified_time": 1767745997418,
            "location": "europe-central2",
            "max_time_travel_hours": "168",
            "project": "nyc-taxi-pipeline-1",
            "resource_tags": null,
            "self_link": "https://bigquery.googleapis.com/bigquery/v2/projects/nyc-taxi-pipeline-1/datasets/nyc_taxi_analytics",
            "storage_billing_model": "",
            "terraform_labels": {
              "environment": "dev",
              "managed_by": "terraform",
              "project": "nyc-taxi-pipeline"
            },
            "timeouts": null
          },
          "sensitive_attributes": [],
          "identity_schema_version": 0,
          "private": "eyJlMmJmYjczMC1lY2FhLTExZTYtOGY4OC0zNDM2M2JjN2M0YzAiOnsiY3JlYXRlIjoxMjAwMDAwMDAwMDAwLCJkZWxldGUiOjEyMDAwMDAwMDAwMDAsInVwZGF0ZSI6MTIwMDAwMDAwMDAwMH19"
        }
      ]
    },
    {
      "mode": "managed",
      "type": "google_project_iam_custom_role",
      "name": "pipeline_custom_role",
      "provider": "provider[\"registry.terraform.io/hashicorp/google\"]",
      "instances": [
        {
          "schema_version": 0,
          "attributes": {
            "deleted": false,
            "description": "Custom role with minimal permissions for NYC Taxi pipeline",
            "id": "projects/nyc-taxi-pipeline-1/roles/nycTaxiPipelineRole",
            "name": "projects/nyc-taxi-pipeline-1/roles/nycTaxiPipelineRole",
            "permissions": [
              "bigquery.datasets.get",
              "bigquery.jobs.create",
              "bigquery.tables.create",
              "bigquery.tables.delete",
              "bigquery.tables.get",
              "bigquery.tables.getData",
              "bigquery.tables.list",
              "bigquery.tables.update",
              "bigquery.tables.updateData",
              "storage.buckets.get",
              "storage.buckets.list",
              "storage.objects.create",
              "storage.objects.delete",
              "storage.objects.get",
              "storage.objects.list",
              "storage.objects.update"
            ],
            "project": "nyc-taxi-pipeline-1",
            "role_id": "nycTaxiPipelineRole",
            "stage": "GA",
            "title": "NYC Taxi Pipeline Custom Role"
          },
          "sensitive_attributes": [],
          "identity_schema_version": 0,
          "private": "bnVsbA=="
        }
      ]
    },
    {
      "mode": "managed",
      "type": "google_project_iam_member",
      "name": "dataproc_storage",
      "provider": "provider[\"registry.terraform.io/hashicorp/google\"]",
      "instances": [
        {
          "schema_version": 0,
          "attributes": {
            "condition": [],
            "etag": "BwZHwXE1wUo=",
            "id": "nyc-taxi-pipeline-1/roles/storage.objectAdmin/serviceAccount:nyc-taxi-dataproc-sa@nyc-taxi-pipeline-1.iam.gserviceaccount.com",
            "member": "serviceAccount:nyc-taxi-dataproc-sa@nyc-taxi-pipeline-1.iam.gserviceaccount.com",
            "project": "nyc-taxi-pipeline-1",
            "role": "roles/storage.objectAdmin"
          },
          "sensitive_attributes": [],
          "identity_schema_version": 0,
          "private": "bnVsbA==",
          "dependencies": [
            "google_service_account.dataproc_sa"
          ]
        }
      ]
    },
    {
      "mode": "managed",
      "type": "google_project_iam_member",
      "name": "dataproc_worker",
      "provider": "provider[\"registry.terraform.io/hashicorp/google\"]",
      "instances": [
        {
          "schema_version": 0,
          "attributes": {
            "condition": [],
            "etag": "BwZHwXE1wUo=",
            "id": "nyc-taxi-pipeline-1/roles/dataproc.worker/serviceAccount:nyc-taxi-dataproc-sa@nyc-taxi-pipeline-1.iam.gserviceaccount.com",
            "member": "serviceAccount:nyc-taxi-dataproc-sa@nyc-taxi-pipeline-1.iam.gserviceaccount.com",
            "project": "nyc-taxi-pipeline-1",
            "role": "roles/dataproc.worker"
          },
          "sensitive_attributes": [],
          "identity_schema_version": 0,
          "private": "bnVsbA==",
          "dependencies": [
            "google_service_account.dataproc_sa"
          ]
        }
      ]
    },
    {
      "mode": "managed",
      "type": "google_project_iam_member",
      "name": "pipeline_bigquery_dataEditor",
      "provider": "provider[\"registry.terraform.io/hashicorp/google\"]",
      "instances": [
        {
          "schema_version": 0,
          "attributes": {
            "condition": [],
            "etag": "BwZHwXHE5fs=",
            "id": "nyc-taxi-pipeline-1/roles/bigquery.dataEditor/serviceAccount:nyc-taxi-pipeline-sa@nyc-taxi-pipeline-1.iam.gserviceaccount.com",
            "member": "serviceAccount:nyc-taxi-pipeline-sa@nyc-taxi-pipeline-1.iam.gserviceaccount.com",
            "project": "nyc-taxi-pipeline-1",
            "role": "roles/bigquery.dataEditor"
          },
          "sensitive_attributes": [],
          "identity_schema_version": 0,
          "private": "bnVsbA==",
          "dependencies": [
            "google_service_account.pipeline_sa"
          ]
        }
      ]
    },
    {
      "mode": "managed",
      "type": "google_project_iam_member",
      "name": "pipeline_bigquery_jobUser",
      "provider": "provider[\"registry.terraform.io/hashicorp/google\"]",
      "instances": [
        {
          "schema_version": 0,
          "attributes": {
            "condition": [],
            "etag": "BwZHwXHE5fs=",
            "id": "nyc-taxi-pipeline-1/roles/bigquery.jobUser/serviceAccount:nyc-taxi-pipeline-sa@nyc-taxi-pipeline-1.iam.gserviceaccount.com",
            "member": "serviceAccount:nyc-taxi-pipeline-sa@nyc-taxi-pipeline-1.iam.gserviceaccount.com",
            "project": "nyc-taxi-pipeline-1",
            "role": "roles/bigquery.jobUser"
          },
          "sensitive_attributes": [],
          "identity_schema_version": 0,
          "private": "bnVsbA==",
          "dependencies": [
            "google_service_account.pipeline_sa"
          ]
        }
      ]
    },
    {
      "mode": "managed",
      "type": "google_project_iam_member",
      "name": "pipeline_bigquery_user",
      "provider": "provider[\"registry.terraform.io/hashicorp/google\"]",
      "instances": [
        {
          "schema_version": 0,
          "attributes": {
            "condition": [],
            "etag": "BwZHwXE1wUo=",
            "id": "nyc-taxi-pipeline-1/roles/bigquery.user/serviceAccount:nyc-taxi-pipeline-sa@nyc-taxi-pipeline-1.iam.gserviceaccount.com",
            "member": "serviceAccount:nyc-taxi-pipeline-sa@nyc-taxi-pipeline-1.iam.gserviceaccount.com",
            "project": "nyc-taxi-pipeline-1",
            "role": "roles/bigquery.user"
          },
          "sensitive_attributes": [],
          "identity_schema_version": 0,
          "private": "bnVsbA==",
          "dependencies": [
            "google_service_account.pipeline_sa"
          ]
        }
      ]
    },
    {
      "mode": "managed",
      "type": "google_project_iam_member",
      "name": "pipeline_custom_role_binding",
      "provider": "provider[\"registry.terraform.io/hashicorp/google\"]",
      "instances": [
        {
          "schema_version": 0,
          "attributes": {
            "condition": [],
            "etag": "BwZHwXE1wUo=",
            "id": "nyc-taxi-pipeline-1/projects/nyc-taxi-pipeline-1/roles/nycTaxiPipelineRole/serviceAccount:nyc-taxi-pipeline-sa@nyc-taxi-pipeline-1.iam.gserviceaccount.com",
            "member": "serviceAccount:nyc-taxi-pipeline-sa@nyc-taxi-pipeline-1.iam.gserviceaccount.com",
            "project": "nyc-taxi-pipeline-1",
            "role": "projects/nyc-taxi-pipeline-1/roles/nycTaxiPipelineRole"
          },
          "sensitive_attributes": [],
          "identity_schema_version": 0,
          "private": "bnVsbA==",
          "dependencies": [
            "google_project_iam_custom_role.pipeline_custom_role",
            "google_service_account.pipeline_sa"
          ]
        }
      ]
    },
    {
      "mode": "managed",
      "type": "google_service_account",
      "name": "dataproc_sa",
      "provider": "provider[\"registry.terraform.io/hashicorp/google\"]",
      "instances": [
        {
          "schema_version": 0,
          "attributes": {
            "account_id": "nyc-taxi-dataproc-sa",
            "create_ignore_already_exists": null,
            "description": "Service account for Dataproc cluster execution",
            "disabled": false,
            "display_name": "NYC Taxi Dataproc Service Account",
            "email": "nyc-taxi-dataproc-sa@nyc-taxi-pipeline-1.iam.gserviceaccount.com",
            "id": "projects/nyc-taxi-pipeline-1/serviceAccounts/nyc-taxi-dataproc-sa@nyc-taxi-pipeline-1.iam.gserviceaccount.com",
            "member": "serviceAccount:nyc-taxi-dataproc-sa@nyc-taxi-pipeline-1.iam.gserviceaccount.com",
            "name": "projects/nyc-taxi-pipeline-1/serviceAccounts/nyc-taxi-dataproc-sa@nyc-taxi-pipeline-1.iam.gserviceaccount.com",
            "project": "nyc-taxi-pipeline-1",
            "timeouts": null,
            "unique_id": "117970009601055291351"
          },
          "sensitive_attributes": [],
          "identity_schema_version": 0,
          "private": "eyJlMmJmYjczMC1lY2FhLTExZTYtOGY4OC0zNDM2M2JjN2M0YzAiOnsiY3JlYXRlIjozMDAwMDAwMDAwMDB9fQ=="
        }
      ]
    },
    {
      "mode": "managed",
      "type": "google_service_account",
      "name": "pipeline_sa",
      "provider": "provider[\"registry.terraform.io/hashicorp/google\"]",
      "instances": [
        {
          "schema_version": 0,
          "attributes": {
            "account_id": "nyc-taxi-pipeline-sa",
            "create_ignore_already_exists": null,
            "description": "Service account for running NYC taxi data pipeline jobs (Spark, Airflow)",
            "disabled": false,
            "display_name": "NYC Taxi Pipeline Service Account",
            "email": "nyc-taxi-pipeline-sa@nyc-taxi-pipeline-1.iam.gserviceaccount.com",
            "id": "projects/nyc-taxi-pipeline-1/serviceAccounts/nyc-taxi-pipeline-sa@nyc-taxi-pipeline-1.iam.gserviceaccount.com",
            "member": "serviceAccount:nyc-taxi-pipeline-sa@nyc-taxi-pipeline-1.iam.gserviceaccount.com",
            "name": "projects/nyc-taxi-pipeline-1/serviceAccounts/nyc-taxi-pipeline-sa@nyc-taxi-pipeline-1.iam.gserviceaccount.com",
            "project": "nyc-taxi-pipeline-1",
            "timeouts": null,
            "unique_id": "104180540417748386304"
          },
          "sensitive_attributes": [],
          "identity_schema_version": 0,
          "private": "eyJlMmJmYjczMC1lY2FhLTExZTYtOGY4OC0zNDM2M2JjN2M0YzAiOnsiY3JlYXRlIjozMDAwMDAwMDAwMDB9fQ=="
        }
      ]
    },
    {
      "mode": "managed",
      "type": "google_service_account_key",
      "name": "dataproc_key",
      "provider": "provider[\"registry.terraform.io/hashicorp/google\"]",
      "instances": [
        {
          "schema_version": 0,
          "attributes": {
            "id": "projects/nyc-taxi-pipeline-1/serviceAccounts/nyc-taxi-dataproc-sa@nyc-taxi-pipeline-1.iam.gserviceaccount.com/keys/54adb045a219690f02351b8524fb2275fd78ab5d",
            "keepers": null,
            "key_algorithm": "KEY_ALG_RSA_2048",
            "name": "projects/nyc-taxi-pipeline-1/serviceAccounts/nyc-taxi-dataproc-sa@nyc-taxi-pipeline-1.iam.gserviceaccount.com/keys/54adb045a219690f02351b8524fb2275fd78ab5d",
            "private_key": "ewogICJ0eXBlIjogInNlcnZpY2VfYWNjb3VudCIsCiAgInByb2plY3RfaWQiOiAibnljLXRheGktcGlwZWxpbmUtMSIsCiAgInByaXZhdGVfa2V5X2lkIjogIjU0YWRiMDQ1YTIxOTY5MGYwMjM1MWI4NTI0ZmIyMjc1ZmQ3OGFiNWQiLAogICJwcml2YXRlX2tleSI6ICItLS0tLUJFR0lOIFBSSVZBVEUgS0VZLS0tLS1cbk1JSUV2Z0lCQURBTkJna3Foa2lHOXcwQkFRRUZBQVNDQktnd2dnU2tBZ0VBQW9JQkFRQ1BhSU5GY29keFVjQ2hcbkVzY29mc1RpaWZ6WE1oTURDNzVrRmR2SVJkenRub21KVHpQKzVVWlVZbDFWRFJueUJnWnR0OXAwTFpIR24wTkJcbm9naDFIckIzTWdRcDlabDJUWm1wOCtlK0dyT2JEc2MzM0NCS3NaSVB5d0JneWFFNG9lbHR1b2kvcDVJWVA5YlVcblpwbVE3cTIyc2tISUVlSVFBWjBrdFk2TUpVMTZ4Rk4rTjFKMlIyMWo4VG5hN2VORmtQb1JZWTk2WUhxVnlkNTVcbmF1eGVkcFdsbFRpRE5hV0c5VkV0TVhrT25yRExqbjJiTTkyZHluNmxWekZ5Y3hON0JxTVcrd21ZVHdYZnYvdC9cbndvYTkrTHpzV1A2TG9Jak52ZVdHQ2t1azVlVEdpRDF6cCtOT2lqVU5keFlESmdDdGE1dldDT2F4ZzQ0ZTdQSWFcbmI3dWRHOTRaQWdNQkFBRUNnZ0VBUEV4UmhjM1dMVXVXbHlOeUloRExjQVZkRG82N2Q3aGtZV2pmZEtJTGRzNEdcblBublMvd1lnUURMcjAyc2kwYVMrNXpzNjIwYWQyTW4yV1k1cngvTVRkOHJML1dpTEVqY211Vk1ZeWRJb1dyWW9cbkJkREVzeU5lcXMxTVoyWGdLQlBNTnBzTURLbkV2L1YzdXU4NCtydWd4d1RFcS83NDhvbjdMUWc1MjZ1RG5HNTNcbkZESVFNUlpzaVg0K29WVDBIVlphM3dKZnVIOEFjUTIrOHRQSGpGNjBZNjRVa3hDdGxYcHpzZnVxVFlXQ1lnYllcbm1JQlJXWUN3RUhUeHlZR3haWEMyeDNWbE5mZnBYbit2MmhHM1paaFBiakhYYjFOM25BWTB3eDNONmNpeWN5bzRcbjhEV0lXaU5kRHoyRjRlZ2ptcUkxM2Y5MklSUENFcklGdFhzT05HcHpFUUtCZ1FERFVXQjduT0N6a1BCc0J1d2Rcbjh1dlRodjVUMkxLYzh3a1F3WDBOREYwb08vd1hKWG5DL1JPcWxnWktWVTlBaytmMmlkSzMrdmNpNTF4TGpFcFlcbnpWREYrLzhYbmQwOHNWU3lHUVB3Q3FsNDJvNmR1ODRGbUFsUzh1M1VEb1pRUEU2eE9odkFEVTJUbGhNLzFiTUpcblNaTU12VEZPWXNWN3h3dG1SWTZabjRDWHV3S0JnUUM3OW4vcXMyK1htWm5ucUtUdUVSdWQ3Tm9WcWZEU0ZBa25cbnltanRMaVRkcHgwQzRqekFqYjd1aDVFdm1zMlppMXl6dmJqblEzUE52WS9hdW1OOWpxbGdLMmhXTk9OSDRIdTZcbklXemIwMkhNcjZNb2s2dGE1U2xKZDZBbnNodXZlNVBGNENjcXVpa044NDZaSUxpcWNRN3JvQTY5Z0J5S3doOWdcbnV0S2JHaTFTT3dLQmdRQ3JyYXExM0pXeG9ET0RjSzQ0UU43Q3BnU0VwSk9TMnhqYnpvYmhZajI3OE1YTGZwaEJcbktQd1JWQjhoVlV6OUFVVEI4akR5b0RoOFNJcGFxV3hzRThQczBteE5VT2cyd2RRbFcxR1h1M2R0RUFhTlpKZFpcbldXTFFzMUVTdE5XZ1R2SUlXNEFxMWthYTlDM2xUU3c2Zko0eGMxYVVoTUw2NG1FRnV4djFzanB3b3dLQmdRQ3ZcbmprVGRWbWpFNUo3OTR1TGd4RFBTSmZWdlJJRjhCV0NqdklhUitJWlFUQlJwckJyb0Vid2lGNWJBS3NzYlBUSUJcbll4TS9WUjNsTE1jZW1QWHh3SHhzS1Q3VFBhU0dicUhCTUJUM29JLzQySmNBZ0NRTXlucnNkb0dzY2NzdjlMRUpcbm9SbVQ2N29Lb05Bd0w0S3JGdHZEc1lQeTlLUXo2YW5hODhOZlFHelNId0tCZ0ZvSzVjYkx2NCtGYld5U1lUdk9cbmlmUDhLM2w2dTJobk5NUllpbC9VNmJQVEppMHFodUdHbStzci9Sd3RjV0dESDR3WkpNMlBKVWU4dm9EdlRjaXpcbnV4dXlFYzlob2tHSGNpTjl3TXRGcXVBWS91UVVFZUVxVEhEZXF2VjFMTnI3MUIzeUQzY2VLKzYwTjhVN2NrUFZcbjdpdVh0QXViekV1Y0k2WkZvdkhPUXExUlxuLS0tLS1FTkQgUFJJVkFURSBLRVktLS0tLVxuIiwKICAiY2xpZW50X2VtYWlsIjogIm55Yy10YXhpLWRhdGFwcm9jLXNhQG55Yy10YXhpLXBpcGVsaW5lLTEuaWFtLmdzZXJ2aWNlYWNjb3VudC5jb20iLAogICJjbGllbnRfaWQiOiAiMTE3OTcwMDA5NjAxMDU1MjkxMzUxIiwKICAiYXV0aF91cmkiOiAiaHR0cHM6Ly9hY2NvdW50cy5nb29nbGUuY29tL28vb2F1dGgyL2F1dGgiLAogICJ0b2tlbl91cmkiOiAiaHR0cHM6Ly9vYXV0aDIuZ29vZ2xlYXBpcy5jb20vdG9rZW4iLAogICJhdXRoX3Byb3ZpZGVyX3g1MDlfY2VydF91cmwiOiAiaHR0cHM6Ly93d3cuZ29vZ2xlYXBpcy5jb20vb2F1dGgyL3YxL2NlcnRzIiwKICAiY2xpZW50X3g1MDlfY2VydF91cmwiOiAiaHR0cHM6Ly93d3cuZ29vZ2xlYXBpcy5jb20vcm9ib3QvdjEvbWV0YWRhdGEveDUwOS9ueWMtdGF4aS1kYXRhcHJvYy1zYSU0MG55Yy10YXhpLXBpcGVsaW5lLTEuaWFtLmdzZXJ2aWNlYWNjb3VudC5jb20iLAogICJ1bml2ZXJzZV9kb21haW4iOiAiZ29vZ2xlYXBpcy5jb20iCn0K",
            "private_key_type": "TYPE_GOOGLE_CREDENTIALS_FILE",
            "public_key": "LS0tLS1CRUdJTiBDRVJUSUZJQ0FURS0tLS0tCk1JSUMvVENDQWVXZ0F3SUJBZ0lKQUovY0dhRVpJSWFyTUEwR0NTcUdTSWIzRFFFQkJRVUFNQ0F4SGpBY0JnTlYKQkFNTUZURXhOemszTURBd09UWXdNVEExTlRJNU1UTTFNVEFnRncweU5qQXhNRGN3TURNek1qaGFHQTg1T1RrNQpNVEl6TVRJek5UazFPVm93SURFZU1Cd0dBMVVFQXd3Vk1URTNPVGN3TURBNU5qQXhNRFUxTWpreE16VXhNSUlCCklqQU5CZ2txaGtpRzl3MEJBUUVGQUFPQ0FROEFNSUlCQ2dLQ0FRRUFqMmlEUlhLSGNWSEFvUkxIS0g3RTRvbjgKMXpJVEF3dStaQlhieUVYYzdaNkppVTh6L3VWR1ZHSmRWUTBaOGdZR2JiZmFkQzJSeHA5RFFhSUlkUjZ3ZHpJRQpLZldaZGsyWnFmUG52aHF6bXc3SE45d2dTckdTRDhzQVlNbWhPS0hwYmJxSXY2ZVNHRC9XMUdhWmtPNnR0ckpCCnlCSGlFQUdkSkxXT2pDVk5lc1JUZmpkU2RrZHRZL0U1MnUzalJaRDZFV0dQZW1CNmxjbmVlV3JzWG5hVnBaVTQKZ3pXbGh2VlJMVEY1RHA2d3k0NTltelBkbmNwK3BWY3hjbk1UZXdhakZ2c0ptRThGMzcvN2Y4S0d2Zmk4N0ZqKwppNkNJemIzbGhncExwT1hreG9nOWM2ZmpUb28xRFhjV0F5WUFyV3ViMWdqbXNZT09IdXp5R20rN25SdmVHUUlECkFRQUJvemd3TmpBTUJnTlZIUk1CQWY4RUFqQUFNQTRHQTFVZER3RUIvd1FFQXdJSGdEQVdCZ05WSFNVQkFmOEUKRERBS0JnZ3JCZ0VGQlFjREFqQU5CZ2txaGtpRzl3MEJBUVVGQUFPQ0FRRUFBalBwMFNKdDBFbFRjMUZMYVI1bQppUkwzT3BQbHhmMERVQUJkRE1OcG1ycVl2SGhtVThMc3hLUXVPSExHcUVXSGNxYVRoMCs3VXh4SDhQYXpjOXhYCmo5cEZ0b1Y4ckFlVFNUcTFISkNrSFdHNGVPMVRLMkM2L3kxMkVqd29NVDR4ZEtic1B1K2lTaFdDL0Uwbm9hcFkKVVNKMHBWcmFZZFJnQTZWcGdTQTB3L0R3Y3h6RmE4d3BETFhYMEhyOEc3RXJibXd1T09GelN2OW16Sm1NcFhZYQpaZDlZMEtwYXlvR2NlSkR3WkVTakxDQnFuQzVsWjdEZUhGR2RrNmNMSkNING5weG0rZVFMbVpkeE5rVGZaN2tPCk9NclZqeHJnM05SN2YyUkw3MkczeDZBTFRvWVN2T0F1NjJRWHMydTJsZzdwK3lPNzR1dHo2Wkd1Zk9rQU1xV3oKK3c9PQotLS0tLUVORCBDRVJUSUZJQ0FURS0tLS0tCg==",
            "public_key_data": null,
            "public_key_type": "TYPE_X509_PEM_FILE",
            "service_account_id": "projects/nyc-taxi-pipeline-1/serviceAccounts/nyc-taxi-dataproc-sa@nyc-taxi-pipeline-1.iam.gserviceaccount.com",
            "valid_after": "2026-01-07T00:33:28Z",
            "valid_before": "9999-12-31T23:59:59Z"
          },
          "sensitive_attributes": [
            [
              {
                "type": "get_attr",
                "value": "private_key"
              }
            ]
          ],
          "identity_schema_version": 0,
          "private": "bnVsbA==",
          "dependencies": [
            "google_service_account.dataproc_sa"
          ]
        }
      ]
    },
    {
      "mode": "managed",
      "type": "google_service_account_key",
      "name": "pipeline_key",
      "provider": "provider[\"registry.terraform.io/hashicorp/google\"]",
      "instances": [
        {
          "schema_version": 0,
          "attributes": {
            "id": "projects/nyc-taxi-pipeline-1/serviceAccounts/nyc-taxi-pipeline-sa@nyc-taxi-pipeline-1.iam.gserviceaccount.com/keys/191aa3ebdd89312ef722d91c20ff4800b47eb27c",
            "keepers": null,
            "key_algorithm": "KEY_ALG_RSA_2048",
            "name": "projects/nyc-taxi-pipeline-1/serviceAccounts/nyc-taxi-pipeline-sa@nyc-taxi-pipeline-1.iam.gserviceaccount.com/keys/191aa3ebdd89312ef722d91c20ff4800b47eb27c",
            "private_key": "ewogICJ0eXBlIjogInNlcnZpY2VfYWNjb3VudCIsCiAgInByb2plY3RfaWQiOiAibnljLXRheGktcGlwZWxpbmUtMSIsCiAgInByaXZhdGVfa2V5X2lkIjogIjE5MWFhM2ViZGQ4OTMxMmVmNzIyZDkxYzIwZmY0ODAwYjQ3ZWIyN2MiLAogICJwcml2YXRlX2tleSI6ICItLS0tLUJFR0lOIFBSSVZBVEUgS0VZLS0tLS1cbk1JSUV2Z0lCQURBTkJna3Foa2lHOXcwQkFRRUZBQVNDQktnd2dnU2tBZ0VBQW9JQkFRREJXYml2SnR2clZSM2NcblJxTVlvWUVNRldHS29DNVZRb1dyNWtONVdEYUd5Z2pvWmhLK0ZaaTFHdExBVHRuT3RQOWUvN3RkYWNzL1ZGLzNcbmlFdFprQVROTWVGRFpuQ3JIVjFLQnkydkxONlltZW43TjF1alFhQTZQckpIUDJtV016ZjlHOUpBT2hLZEZRZmxcbk5pRWpSbXR0NG9ndEVKenFnSy9UL3lTQXZkUDFUU0hxQ1ROeVNDc2N5WkoySmpLQjUrano2aThjSncrK0pJYVhcbndNTFpNT1JGU1FhVk9Jc01vRlpwMFU5ZW1EUnE0M1B1elA3WWliTWY3U2UyaDAvZDFaWnlyV0RSanpjb0VJWUlcbldqVWlha2k3ZUNOUDBJcnJPUTV2YTJhTUIvM3YvYmlPMlppMUZ3Vzc4cGlpMDRmM3pvcHBtZWNhOHlhbzA2MGdcbi92WVIzUTBOQWdNQkFBRUNnZ0VBQWo2QkJFSVdpZ2xpTlZla2k2UDVsQ0wrRDRFdHlINDRnRXhGNVl5cE9yQ2NcblN6RHBjQnkwRHd0bXFDWVhlbXk0dDJqa2RkWEZMdEQ5NUNqeTBadjRVa3dOUDBrRnhHd0NLZHAzZWZHeXRtRmlcbjg5clZUTW5LNEV6YlU0bTFqTEZxS1owL0RYdkp2TnBYb3g0WkRiTVlOWEwyL2FtVVhnSEJzMXVNd3VuR2QxeGpcbjlPblBJdTBHK3NwbW8wcTZWRGh6MVEyZzN0Qml0T09vd0o0bFkzd2J2WlVBRHczZ1hyMkpDUkZYcVR4QzE2OVdcbjhpc2RtZ3ppN2NSUFVrcWZ3QlNXZDFkN3kvVERqQ3lld1ZhK21VK05wVDhJY1BibFNJUWV0Um83cThIcDB2NmJcbmhRNDM2Tys4NGNNVml2R0ZLMm9KaUR6aU5GREh0RVJxOGZkTGg4aFh3UUtCZ1FEN2trTVA5dUhabGhyaUp0UFVcbndjRGY2dkJESXRYbEcxUjlubGtKQWVKcCtGeHI4NUZNbUp3NTZrbWs4ZktjZUJXdUM2OERDcks1QXQxSkh0MUhcbll4elBRVTlEbTRVM2RwOXZVellZakN3bWN3QXo2ZjNvbFp0TnRvMTBJRXRpQ09Cdm9zOEpjd2tkOGFjRW9zVGpcbkJQMmxqdVc2VHdxY0FQZ3o3VitMeHRjZ1pRS0JnUURFd1JSczA0VVdsRnBMckd3U1JQQU1WNjkxWEVtekVjQUFcbld1ei9FYytHRWxjUzMyQVcrMWI2TVJsN1ZuWUFoVUNvNHFYTk1Vc1h1L0dwcWhTWG5IeXdWTldLcWt1dUtFeHRcbnhseHl1V3F2WFJzblEvRko2STB2MGVkVmw5b2tQRHBIZHdMVXBaRCsxLzR1bEFFaytIZTZJZWxzeVJ2cUcxMHlcblpjeXVsZ0RyaVFLQmdRQ1ZQTmtudVUrVjRxUWtFT0NOVUR0NUdraFpxMnEwTlJoVVJRR1FoRnVxZmJsbUdPSFRcblRKMHhCam1WN2luOGhJaG43V3B2SllPTW1aUm9jalRXeW9jbXRCbXZnNnp0a0NOWXlVWklIYTk3UjdHUkduaVRcbjUxeHdKNkdXaUNud0NGQU1LY3NrVWVmUXFiQm80WjVuQm1qcU0vRTRLdmVpUURqOXBRMlBQL0FTdVFLQmdHL3JcbjVWS0NnQko0RVdVNmo3OVV0N2hOcU9GNXZmSy9CaGt0bitMNG5yUUZlc0toam1lRVVkWEFXRjV3c0c5YlhZeTBcbllOeDRUZDhTYWtXNUdqMmtKc21uZUZHSXpjUWo2RllKb0UwaWJDMlZLUDBOQ1JTaDFLNS9HTGozeUg4VVE1S2pcbmdGaTJWZVNodVZXRm02RU1OZzhMZTEwR2lYcUNWbUYweHhvSStqMEJBb0dCQVBFVHQyUVRxbUlodWJIbFppN0lcbkdsMXYwSGNNenQ3d0dGL3FBbFBtaXdiUXE5WGJSdDJhK2tKOHgxSUJzMTU0SGQzd2lPa295NG01ZWVTWGlSTEVcbjhNbzdRYTNRVDJaNjcwWFlvOHpkbWo4OUJSNUplNjhWaWRFb0x2M3E2K1NsbFV3aDdxVGplQlJLK0g4U25SOTJcbk5rY3lZMzVIVVhEYlE4dExDN25XQ1daQ1xuLS0tLS1FTkQgUFJJVkFURSBLRVktLS0tLVxuIiwKICAiY2xpZW50X2VtYWlsIjogIm55Yy10YXhpLXBpcGVsaW5lLXNhQG55Yy10YXhpLXBpcGVsaW5lLTEuaWFtLmdzZXJ2aWNlYWNjb3VudC5jb20iLAogICJjbGllbnRfaWQiOiAiMTA0MTgwNTQwNDE3NzQ4Mzg2MzA0IiwKICAiYXV0aF91cmkiOiAiaHR0cHM6Ly9hY2NvdW50cy5nb29nbGUuY29tL28vb2F1dGgyL2F1dGgiLAogICJ0b2tlbl91cmkiOiAiaHR0cHM6Ly9vYXV0aDIuZ29vZ2xlYXBpcy5jb20vdG9rZW4iLAogICJhdXRoX3Byb3ZpZGVyX3g1MDlfY2VydF91cmwiOiAiaHR0cHM6Ly93d3cuZ29vZ2xlYXBpcy5jb20vb2F1dGgyL3YxL2NlcnRzIiwKICAiY2xpZW50X3g1MDlfY2VydF91cmwiOiAiaHR0cHM6Ly93d3cuZ29vZ2xlYXBpcy5jb20vcm9ib3QvdjEvbWV0YWRhdGEveDUwOS9ueWMtdGF4aS1waXBlbGluZS1zYSU0MG55Yy10YXhpLXBpcGVsaW5lLTEuaWFtLmdzZXJ2aWNlYWNjb3VudC5jb20iLAogICJ1bml2ZXJzZV9kb21haW4iOiAiZ29vZ2xlYXBpcy5jb20iCn0K",
            "private_key_type": "TYPE_GOOGLE_CREDENTIALS_FILE",
            "public_key": "LS0tLS1CRUdJTiBDRVJUSUZJQ0FURS0tLS0tCk1JSUMvVENDQWVXZ0F3SUJBZ0lKQUpnVmhQMmdFemd5TUEwR0NTcUdTSWIzRFFFQkJRVUFNQ0F4SGpBY0JnTlYKQkFNTUZURXdOREU0TURVME1EUXhOemMwT0RNNE5qTXdOREFnRncweU5qQXhNRGN3TURNek16RmFHQTg1T1RrNQpNVEl6TVRJek5UazFPVm93SURFZU1Cd0dBMVVFQXd3Vk1UQTBNVGd3TlRRd05ERTNOelE0TXpnMk16QTBNSUlCCklqQU5CZ2txaGtpRzl3MEJBUUVGQUFPQ0FROEFNSUlCQ2dLQ0FRRUF3Vm00cnliYjYxVWQzRWFqR0tHQkRCVmgKaXFBdVZVS0ZxK1pEZVZnMmhzb0k2R1lTdmhXWXRSclN3RTdaenJUL1h2KzdYV25MUDFSZjk0aExXWkFFelRIaApRMlp3cXgxZFNnY3RyeXplbUpucCt6ZGJvMEdnT2o2eVJ6OXBsak0zL1J2U1FEb1NuUlVINVRZaEkwWnJiZUtJCkxSQ2M2b0N2MC84a2dMM1Q5VTBoNmdremNrZ3JITW1TZGlZeWdlZm84K292SENjUHZpU0dsOERDMlREa1JVa0cKbFRpTERLQldhZEZQWHBnMGF1Tno3c3orMkltekgrMG50b2RQM2RXV2NxMWcwWTgzS0JDR0NGbzFJbXBJdTNnagpUOUNLNnprT2IydG1qQWY5Ny8yNGp0bVl0UmNGdS9LWW90T0g5ODZLYVpubkd2TW1xTk90SVA3MkVkME5EUUlECkFRQUJvemd3TmpBTUJnTlZIUk1CQWY4RUFqQUFNQTRHQTFVZER3RUIvd1FFQXdJSGdEQVdCZ05WSFNVQkFmOEUKRERBS0JnZ3JCZ0VGQlFjREFqQU5CZ2txaGtpRzl3MEJBUVVGQUFPQ0FRRUFFRWJHOTFhWmQvSGJidy9rOVhHTgpJMEdsUDhIVTM4NkMxRUlSVVY1WURocldRd2RSV0RXRUtia3h1VlNEUkRQRVpsYjRDQmFkWE1JUjhFb1Q4NGMzClZ0bktCam5taW9HdVFXS0J0VnBVYmp4QjE0YStUUHArS29iWWwxdVBVcTAyMklvdzlvYm5FcUphYmxQVlFYTTYKNllsUyt5c29LUjFoYXhJRlo3TWZIaHVqckZCYXRKdjhZRDh2YUozOFgwc1ovQWV1MnptSGxQazJreWg2UGNvVwoxdHRybjdLdHJObWtib2g0OERmanhPNDd6NHhDakFXcVdCSVJiSWhKaGFwVlJocG5xL2Q1bjZocStmc2lnRWVwCmZkTUJQaXdYQWRLRUJSUWNaOERpQzdvVm1DQjBwTkFwNlpPTG9NMFFSQmtCNENmR2tRTEpoTFhvMmVmNUwwU08KTlE9PQotLS0tLUVORCBDRVJUSUZJQ0FURS0tLS0tCg==",
            "public_key_data": null,
            "public_key_type": "TYPE_X509_PEM_FILE",
            "service_account_id": "projects/nyc-taxi-pipeline-1/serviceAccounts/nyc-taxi-pipeline-sa@nyc-taxi-pipeline-1.iam.gserviceaccount.com",
            "valid_after": "2026-01-07T00:33:31Z",
            "valid_before": "9999-12-31T23:59:59Z"
          },
          "sensitive_attributes": [
            [
              {
                "type": "get_attr",
                "value": "private_key"
              }
            ]
          ],
          "identity_schema_version": 0,
          "private": "bnVsbA==",
          "dependencies": [
            "google_service_account.pipeline_sa"
          ]
        }
      ]
    },
    {
      "mode": "managed",
      "type": "google_storage_bucket",
      "name": "bronze_zone",
      "provider": "provider[\"registry.terraform.io/hashicorp/google\"]",
      "instances": [
        {
          "schema_version": 2,
          "attributes": {
            "autoclass": [],
            "cors": [],
            "custom_placement_config": [],
            "default_event_based_hold": false,
            "effective_labels": {
              "environment": "dev",
              "layer": "bronze",
              "managed_by": "terraform",
              "project": "nyc-taxi-pipeline"
            },
            "enable_object_retention": false,
            "encryption": [],
            "force_destroy": true,
            "id": "nyc-taxi-pipeline-1-nyc-taxi-bronze",
            "labels": {
              "environment": "dev",
              "layer": "bronze",
              "managed_by": "terraform",
              "project": "nyc-taxi-pipeline"
            },
            "lifecycle_rule": [
              {
                "action": [
                  {
                    "storage_class": "",
                    "type": "Delete"
                  }
                ],
                "condition": [
                  {
                    "age": 90,
                    "created_before": "",
                    "custom_time_before": "",
                    "days_since_custom_time": 0,
                    "days_since_noncurrent_time": 0,
                    "matches_prefix": [],
                    "matches_storage_class": [],
                    "matches_suffix": [],
                    "no_age": false,
                    "noncurrent_time_before": "",
                    "num_newer_versions": 0,
                    "send_age_if_zero": true,
                    "send_days_since_custom_time_if_zero": false,
                    "send_days_since_noncurrent_time_if_zero": false,
                    "send_num_newer_versions_if_zero": false,
                    "with_state": "ANY"
                  }
                ]
              },
              {
                "action": [
                  {
                    "storage_class": "NEARLINE",
                    "type": "SetStorageClass"
                  }
                ],
                "condition": [
                  {
                    "age": 30,
                    "created_before": "",
                    "custom_time_before": "",
                    "days_since_custom_time": 0,
                    "days_since_noncurrent_time": 0,
                    "matches_prefix": [],
                    "matches_storage_class": [],
                    "matches_suffix": [],
                    "no_age": false,
                    "noncurrent_time_before": "",
                    "num_newer_versions": 0,
                    "send_age_if_zero": true,
                    "send_days_since_custom_time_if_zero": false,
                    "send_days_since_noncurrent_time_if_zero": false,
                    "send_num_newer_versions_if_zero": false,
                    "with_state": "ANY"
                  }
                ]
              }
            ],
            "location": "EUROPE-CENTRAL2",
            "logging": [],
            "name": "nyc-taxi-pipeline-1-nyc-taxi-bronze",
            "project": "nyc-taxi-pipeline-1",
            "project_number": 984566615960,
            "public_access_prevention": "inherited",
            "requester_pays": false,
            "retention_policy": [],
            "rpo": null,
            "self_link": "https://www.googleapis.com/storage/v1/b/nyc-taxi-pipeline-1-nyc-taxi-bronze",
            "soft_delete_policy": [
              {
                "effective_time": "2026-01-07T00:33:18.554Z",
                "retention_duration_seconds": 604800
              }
            ],
            "storage_class": "STANDARD",
            "terraform_labels": {
              "environment": "dev",
              "layer": "bronze",
              "managed_by": "terraform",
              "project": "nyc-taxi-pipeline"
            },
            "timeouts": null,
            "uniform_bucket_level_access": true,
            "url": "gs://nyc-taxi-pipeline-1-nyc-taxi-bronze",
            "versioning": [
              {
                "enabled": true
              }
            ],
            "website": []
          },
          "sensitive_attributes": [],
          "identity_schema_version": 0,
          "private": "eyJlMmJmYjczMC1lY2FhLTExZTYtOGY4OC0zNDM2M2JjN2M0YzAiOnsiY3JlYXRlIjo2MDAwMDAwMDAwMDAsInJlYWQiOjI0MDAwMDAwMDAwMCwidXBkYXRlIjoyNDAwMDAwMDAwMDB9LCJzY2hlbWFfdmVyc2lvbiI6IjIifQ=="
        }
      ]
    },
    {
      "mode": "managed",
      "type": "google_storage_bucket",
      "name": "gold_zone",
      "provider": "provider[\"registry.terraform.io/hashicorp/google\"]",
      "instances": [
        {
          "schema_version": 2,
          "attributes": {
            "autoclass": [],
            "cors": [],
            "custom_placement_config": [],
            "default_event_based_hold": false,
            "effective_labels": {
              "environment": "dev",
              "layer": "gold",
              "managed_by": "terraform",
              "project": "nyc-taxi-pipeline"
            },
            "enable_object_retention": false,
            "encryption": [],
            "force_destroy": true,
            "id": "nyc-taxi-pipeline-1-nyc-taxi-gold",
            "labels": {
              "environment": "dev",
              "layer": "gold",
              "managed_by": "terraform",
              "project": "nyc-taxi-pipeline"
            },
            "lifecycle_rule": [
              {
                "action": [
                  {
                    "storage_class": "COLDLINE",
                    "type": "SetStorageClass"
                  }
                ],
                "condition": [
                  {
                    "age": 180,
                    "created_before": "",
                    "custom_time_before": "",
                    "days_since_custom_time": 0,
                    "days_since_noncurrent_time": 0,
                    "matches_prefix": [],
                    "matches_storage_class": [],
                    "matches_suffix": [],
                    "no_age": false,
                    "noncurrent_time_before": "",
                    "num_newer_versions": 0,
                    "send_age_if_zero": true,
                    "send_days_since_custom_time_if_zero": false,
                    "send_days_since_noncurrent_time_if_zero": false,
                    "send_num_newer_versions_if_zero": false,
                    "with_state": "ANY"
                  }
                ]
              }
            ],
            "location": "EUROPE-CENTRAL2",
            "logging": [],
            "name": "nyc-taxi-pipeline-1-nyc-taxi-gold",
            "project": "nyc-taxi-pipeline-1",
            "project_number": 984566615960,
            "public_access_prevention": "inherited",
            "requester_pays": false,
            "retention_policy": [],
            "rpo": null,
            "self_link": "https://www.googleapis.com/storage/v1/b/nyc-taxi-pipeline-1-nyc-taxi-gold",
            "soft_delete_policy": [
              {
                "effective_time": "2026-01-07T00:33:19.211Z",
                "retention_duration_seconds": 604800
              }
            ],
            "storage_class": "STANDARD",
            "terraform_labels": {
              "environment": "dev",
              "layer": "gold",
              "managed_by": "terraform",
              "project": "nyc-taxi-pipeline"
            },
            "timeouts": null,
            "uniform_bucket_level_access": true,
            "url": "gs://nyc-taxi-pipeline-1-nyc-taxi-gold",
            "versioning": [
              {
                "enabled": true
              }
            ],
            "website": []
          },
          "sensitive_attributes": [],
          "identity_schema_version": 0,
          "private": "eyJlMmJmYjczMC1lY2FhLTExZTYtOGY4OC0zNDM2M2JjN2M0YzAiOnsiY3JlYXRlIjo2MDAwMDAwMDAwMDAsInJlYWQiOjI0MDAwMDAwMDAwMCwidXBkYXRlIjoyNDAwMDAwMDAwMDB9LCJzY2hlbWFfdmVyc2lvbiI6IjIifQ=="
        }
      ]
    },
    {
      "mode": "managed",
      "type": "google_storage_bucket",
      "name": "pipeline_logs",
      "provider": "provider[\"registry.terraform.io/hashicorp/google\"]",
      "instances": [
        {
          "schema_version": 2,
          "attributes": {
            "autoclass": [],
            "cors": [],
            "custom_placement_config": [],
            "default_event_based_hold": false,
            "effective_labels": {
              "environment": "dev",
              "managed_by": "terraform",
              "project": "nyc-taxi-pipeline",
              "purpose": "logs"
            },
            "enable_object_retention": false,
            "encryption": [],
            "force_destroy": true,
            "id": "nyc-taxi-pipeline-1-pipeline-logs",
            "labels": {
              "environment": "dev",
              "managed_by": "terraform",
              "project": "nyc-taxi-pipeline",
              "purpose": "logs"
            },
            "lifecycle_rule": [
              {
                "action": [
                  {
                    "storage_class": "",
                    "type": "Delete"
                  }
                ],
                "condition": [
                  {
                    "age": 30,
                    "created_before": "",
                    "custom_time_before": "",
                    "days_since_custom_time": 0,
                    "days_since_noncurrent_time": 0,
                    "matches_prefix": [],
                    "matches_storage_class": [],
                    "matches_suffix": [],
                    "no_age": false,
                    "noncurrent_time_before": "",
                    "num_newer_versions": 0,
                    "send_age_if_zero": true,
                    "send_days_since_custom_time_if_zero": false,
                    "send_days_since_noncurrent_time_if_zero": false,
                    "send_num_newer_versions_if_zero": false,
                    "with_state": "ANY"
                  }
                ]
              }
            ],
            "location": "EUROPE-CENTRAL2",
            "logging": [],
            "name": "nyc-taxi-pipeline-1-pipeline-logs",
            "project": "nyc-taxi-pipeline-1",
            "project_number": 984566615960,
            "public_access_prevention": "inherited",
            "requester_pays": false,
            "retention_policy": [],
            "rpo": null,
            "self_link": "https://www.googleapis.com/storage/v1/b/nyc-taxi-pipeline-1-pipeline-logs",
            "soft_delete_policy": [
              {
                "effective_time": "2026-01-07T00:33:20.278Z",
                "retention_duration_seconds": 604800
              }
            ],
            "storage_class": "STANDARD",
            "terraform_labels": {
              "environment": "dev",
              "managed_by": "terraform",
              "project": "nyc-taxi-pipeline",
              "purpose": "logs"
            },
            "timeouts": null,
            "uniform_bucket_level_access": true,
            "url": "gs://nyc-taxi-pipeline-1-pipeline-logs",
            "versioning": [],
            "website": []
          },
          "sensitive_attributes": [],
          "identity_schema_version": 0,
          "private": "eyJlMmJmYjczMC1lY2FhLTExZTYtOGY4OC0zNDM2M2JjN2M0YzAiOnsiY3JlYXRlIjo2MDAwMDAwMDAwMDAsInJlYWQiOjI0MDAwMDAwMDAwMCwidXBkYXRlIjoyNDAwMDAwMDAwMDB9LCJzY2hlbWFfdmVyc2lvbiI6IjIifQ=="
        }
      ]
    },
    {
      "mode": "managed",
      "type": "google_storage_bucket",
      "name": "silver_zone",
      "provider": "provider[\"registry.terraform.io/hashicorp/google\"]",
      "instances": [
        {
          "schema_version": 2,
          "attributes": {
            "autoclass": [],
            "cors": [],
            "custom_placement_config": [],
            "default_event_based_hold": false,
            "effective_labels": {
              "environment": "dev",
              "layer": "silver",
              "managed_by": "terraform",
              "project": "nyc-taxi-pipeline"
            },
            "enable_object_retention": false,
            "encryption": [],
            "force_destroy": true,
            "id": "nyc-taxi-pipeline-1-nyc-taxi-silver",
            "labels": {
              "environment": "dev",
              "layer": "silver",
              "managed_by": "terraform",
              "project": "nyc-taxi-pipeline"
            },
            "lifecycle_rule": [
              {
                "action": [
                  {
                    "storage_class": "COLDLINE",
                    "type": "SetStorageClass"
                  }
                ],
                "condition": [
                  {
                    "age": 60,
                    "created_before": "",
                    "custom_time_before": "",
                    "days_since_custom_time": 0,
                    "days_since_noncurrent_time": 0,
                    "matches_prefix": [],
                    "matches_storage_class": [],
                    "matches_suffix": [],
                    "no_age": false,
                    "noncurrent_time_before": "",
                    "num_newer_versions": 0,
                    "send_age_if_zero": true,
                    "send_days_since_custom_time_if_zero": false,
                    "send_days_since_noncurrent_time_if_zero": false,
                    "send_num_newer_versions_if_zero": false,
                    "with_state": "ANY"
                  }
                ]
              }
            ],
            "location": "EUROPE-CENTRAL2",
            "logging": [],
            "name": "nyc-taxi-pipeline-1-nyc-taxi-silver",
            "project": "nyc-taxi-pipeline-1",
            "project_number": 984566615960,
            "public_access_prevention": "inherited",
            "requester_pays": false,
            "retention_policy": [],
            "rpo": null,
            "self_link": "https://www.googleapis.com/storage/v1/b/nyc-taxi-pipeline-1-nyc-taxi-silver",
            "soft_delete_policy": [
              {
                "effective_time": "2026-01-07T00:33:19.747Z",
                "retention_duration_seconds": 604800
              }
            ],
            "storage_class": "STANDARD",
            "terraform_labels": {
              "environment": "dev",
              "layer": "silver",
              "managed_by": "terraform",
              "project": "nyc-taxi-pipeline"
            },
            "timeouts": null,
            "uniform_bucket_level_access": true,
            "url": "gs://nyc-taxi-pipeline-1-nyc-taxi-silver",
            "versioning": [
              {
                "enabled": true
              }
            ],
            "website": []
          },
          "sensitive_attributes": [],
          "identity_schema_version": 0,
          "private": "eyJlMmJmYjczMC1lY2FhLTExZTYtOGY4OC0zNDM2M2JjN2M0YzAiOnsiY3JlYXRlIjo2MDAwMDAwMDAwMDAsInJlYWQiOjI0MDAwMDAwMDAwMCwidXBkYXRlIjoyNDAwMDAwMDAwMDB9LCJzY2hlbWFfdmVyc2lvbiI6IjIifQ=="
        }
      ]
    },
    {
      "mode": "managed",
      "type": "google_storage_bucket",
      "name": "terraform_state",
      "provider": "provider[\"registry.terraform.io/hashicorp/google\"]",
      "instances": [
        {
          "schema_version": 2,
          "attributes": {
            "autoclass": [],
            "cors": [],
            "custom_placement_config": [],
            "default_event_based_hold": false,
            "effective_labels": {
              "environment": "dev",
              "managed_by": "terraform",
              "project": "nyc-taxi-pipeline",
              "purpose": "terraform-state"
            },
            "enable_object_retention": false,
            "encryption": [],
            "force_destroy": false,
            "id": "nyc-taxi-pipeline-1-terraform-state",
            "labels": {
              "environment": "dev",
              "managed_by": "terraform",
              "project": "nyc-taxi-pipeline",
              "purpose": "terraform-state"
            },
            "lifecycle_rule": [],
            "location": "EUROPE-CENTRAL2",
            "logging": [],
            "name": "nyc-taxi-pipeline-1-terraform-state",
            "project": "nyc-taxi-pipeline-1",
            "project_number": 984566615960,
            "public_access_prevention": "inherited",
            "requester_pays": false,
            "retention_policy": [],
            "rpo": null,
            "self_link": "https://www.googleapis.com/storage/v1/b/nyc-taxi-pipeline-1-terraform-state",
            "soft_delete_policy": [
              {
                "effective_time": "2026-01-07T00:33:20.811Z",
                "retention_duration_seconds": 604800
              }
            ],
            "storage_class": "STANDARD",
            "terraform_labels": {
              "environment": "dev",
              "managed_by": "terraform",
              "project": "nyc-taxi-pipeline",
              "purpose": "terraform-state"
            },
            "timeouts": null,
            "uniform_bucket_level_access": true,
            "url": "gs://nyc-taxi-pipeline-1-terraform-state",
            "versioning": [
              {
                "enabled": true
              }
            ],
            "website": []
          },
          "sensitive_attributes": [],
          "identity_schema_version": 0,
          "private": "eyJlMmJmYjczMC1lY2FhLTExZTYtOGY4OC0zNDM2M2JjN2M0YzAiOnsiY3JlYXRlIjo2MDAwMDAwMDAwMDAsInJlYWQiOjI0MDAwMDAwMDAwMCwidXBkYXRlIjoyNDAwMDAwMDAwMDB9LCJzY2hlbWFfdmVyc2lvbiI6IjIifQ=="
        }
      ]
    },
    {
      "mode": "managed",
      "type": "google_storage_bucket_iam_member",
      "name": "bronze_legacyBucketReader",
      "provider": "provider[\"registry.terraform.io/hashicorp/google\"]",
      "instances": [
        {
          "schema_version": 0,
          "attributes": {
            "bucket": "b/nyc-taxi-pipeline-1-nyc-taxi-bronze",
            "condition": [],
            "etag": "CAM=",
            "id": "b/nyc-taxi-pipeline-1-nyc-taxi-bronze/roles/storage.legacyBucketReader/serviceAccount:nyc-taxi-pipeline-sa@nyc-taxi-pipeline-1.iam.gserviceaccount.com",
            "member": "serviceAccount:nyc-taxi-pipeline-sa@nyc-taxi-pipeline-1.iam.gserviceaccount.com",
            "role": "roles/storage.legacyBucketReader"
          },
          "sensitive_attributes": [],
          "identity_schema_version": 0,
          "private": "bnVsbA==",
          "dependencies": [
            "google_service_account.pipeline_sa",
            "google_storage_bucket.bronze_zone"
          ]
        }
      ]
    },
    {
      "mode": "managed",
      "type": "google_storage_bucket_iam_member",
      "name": "bronze_objectAdmin",
      "provider": "provider[\"registry.terraform.io/hashicorp/google\"]",
      "instances": [
        {
          "schema_version": 0,
          "attributes": {
            "bucket": "b/nyc-taxi-pipeline-1-nyc-taxi-bronze",
            "condition": [],
            "etag": "CAM=",
            "id": "b/nyc-taxi-pipeline-1-nyc-taxi-bronze/roles/storage.objectAdmin/serviceAccount:nyc-taxi-pipeline-sa@nyc-taxi-pipeline-1.iam.gserviceaccount.com",
            "member": "serviceAccount:nyc-taxi-pipeline-sa@nyc-taxi-pipeline-1.iam.gserviceaccount.com",
            "role": "roles/storage.objectAdmin"
          },
          "sensitive_attributes": [],
          "identity_schema_version": 0,
          "private": "bnVsbA==",
          "dependencies": [
            "google_service_account.pipeline_sa",
            "google_storage_bucket.bronze_zone"
          ]
        }
      ]
    },
    {
      "mode": "managed",
      "type": "google_storage_bucket_iam_member",
      "name": "gold_legacyBucketReader",
      "provider": "provider[\"registry.terraform.io/hashicorp/google\"]",
      "instances": [
        {
          "schema_version": 0,
          "attributes": {
            "bucket": "b/nyc-taxi-pipeline-1-nyc-taxi-gold",
            "condition": [],
            "etag": "CAM=",
            "id": "b/nyc-taxi-pipeline-1-nyc-taxi-gold/roles/storage.legacyBucketReader/serviceAccount:nyc-taxi-pipeline-sa@nyc-taxi-pipeline-1.iam.gserviceaccount.com",
            "member": "serviceAccount:nyc-taxi-pipeline-sa@nyc-taxi-pipeline-1.iam.gserviceaccount.com",
            "role": "roles/storage.legacyBucketReader"
          },
          "sensitive_attributes": [],
          "identity_schema_version": 0,
          "private": "bnVsbA==",
          "dependencies": [
            "google_service_account.pipeline_sa",
            "google_storage_bucket.gold_zone"
          ]
        }
      ]
    },
    {
      "mode": "managed",
      "type": "google_storage_bucket_iam_member",
      "name": "gold_objectAdmin",
      "provider": "provider[\"registry.terraform.io/hashicorp/google\"]",
      "instances": [
        {
          "schema_version": 0,
          "attributes": {
            "bucket": "b/nyc-taxi-pipeline-1-nyc-taxi-gold",
            "condition": [],
            "etag": "CAM=",
            "id": "b/nyc-taxi-pipeline-1-nyc-taxi-gold/roles/storage.objectAdmin/serviceAccount:nyc-taxi-pipeline-sa@nyc-taxi-pipeline-1.iam.gserviceaccount.com",
            "member": "serviceAccount:nyc-taxi-pipeline-sa@nyc-taxi-pipeline-1.iam.gserviceaccount.com",
            "role": "roles/storage.objectAdmin"
          },
          "sensitive_attributes": [],
          "identity_schema_version": 0,
          "private": "bnVsbA==",
          "dependencies": [
            "google_service_account.pipeline_sa",
            "google_storage_bucket.gold_zone"
          ]
        }
      ]
    },
    {
      "mode": "managed",
      "type": "google_storage_bucket_iam_member",
      "name": "logs_objectAdmin",
      "provider": "provider[\"registry.terraform.io/hashicorp/google\"]",
      "instances": [
        {
          "schema_version": 0,
          "attributes": {
            "bucket": "b/nyc-taxi-pipeline-1-pipeline-logs",
            "condition": [],
            "etag": "CAI=",
            "id": "b/nyc-taxi-pipeline-1-pipeline-logs/roles/storage.objectAdmin/serviceAccount:nyc-taxi-pipeline-sa@nyc-taxi-pipeline-1.iam.gserviceaccount.com",
            "member": "serviceAccount:nyc-taxi-pipeline-sa@nyc-taxi-pipeline-1.iam.gserviceaccount.com",
            "role": "roles/storage.objectAdmin"
          },
          "sensitive_attributes": [],
          "identity_schema_version": 0,
          "private": "bnVsbA==",
          "dependencies": [
            "google_service_account.pipeline_sa",
            "google_storage_bucket.pipeline_logs"
          ]
        }
      ]
    },
    {
      "mode": "managed",
      "type": "google_storage_bucket_iam_member",
      "name": "silver_legacyBucketReader",
      "provider": "provider[\"registry.terraform.io/hashicorp/google\"]",
      "instances": [
        {
          "schema_version": 0,
          "attributes": {
            "bucket": "b/nyc-taxi-pipeline-1-nyc-taxi-silver",
            "condition": [],
            "etag": "CAM=",
            "id": "b/nyc-taxi-pipeline-1-nyc-taxi-silver/roles/storage.legacyBucketReader/serviceAccount:nyc-taxi-pipeline-sa@nyc-taxi-pipeline-1.iam.gserviceaccount.com",
            "member": "serviceAccount:nyc-taxi-pipeline-sa@nyc-taxi-pipeline-1.iam.gserviceaccount.com",
            "role": "roles/storage.legacyBucketReader"
          },
          "sensitive_attributes": [],
          "identity_schema_version": 0,
          "private": "bnVsbA==",
          "dependencies": [
            "google_service_account.pipeline_sa",
            "google_storage_bucket.silver_zone"
          ]
        }
      ]
    },
    {
      "mode": "managed",
      "type": "google_storage_bucket_iam_member",
      "name": "silver_objectAdmin",
      "provider": "provider[\"registry.terraform.io/hashicorp/google\"]",
      "instances": [
        {
          "schema_version": 0,
          "attributes": {
            "bucket": "b/nyc-taxi-pipeline-1-nyc-taxi-silver",
            "condition": [],
            "etag": "CAM=",
            "id": "b/nyc-taxi-pipeline-1-nyc-taxi-silver/roles/storage.objectAdmin/serviceAccount:nyc-taxi-pipeline-sa@nyc-taxi-pipeline-1.iam.gserviceaccount.com",
            "member": "serviceAccount:nyc-taxi-pipeline-sa@nyc-taxi-pipeline-1.iam.gserviceaccount.com",
            "role": "roles/storage.objectAdmin"
          },
          "sensitive_attributes": [],
          "identity_schema_version": 0,
          "private": "bnVsbA==",
          "dependencies": [
            "google_service_account.pipeline_sa",
            "google_storage_bucket.silver_zone"
          ]
        }
      ]
    }
  ],
  "check_results": null
}
